
Microsoft Visual Studio Solution File, Format Version 12.00
# Visual Studio Version 16
VisualStudioVersion = 16.0.30804.86
MinimumVisualStudioVersion = 10.0.40219.1
Project("{FAE04EC0-301F-11D3-BF4B-00C04F79EFBC}") = "Medismart.API", "Medismart.API\Medismart.API.csproj", "{5FA387D6-013E-4797-82B7-8CF9F1F5F2BA}"
EndProject
Global
	GlobalSection(SolutionConfigurationPlatforms) = preSolution
		Debug|Any CPU = Debug|Any CPU
		Release|Any CPU = Release|Any CPU
	EndGlobalSection
	GlobalSection(ProjectConfigurationPlatforms) = postSolution
		{5FA387D6-013E-4797-82B7-8CF9F1F5F2BA}.Debug|Any CPU.ActiveCfg = Debug|Any CPU
		{5FA387D6-013E-4797-82B7-8CF9F1F5F2BA}.Debug|Any CPU.Build.0 = Debug|Any CPU
		{5FA387D6-013E-4797-82B7-8CF9F1F5F2BA}.Release|Any CPU.ActiveCfg = Release|Any CPU
		{5FA387D6-013E-4797-82B7-8CF9F1F5F2BA}.Release|Any CPU.Build.0 = Release|Any CPU
	EndGlobalSection
	GlobalSection(SolutionProperties) = preSolution
		HideSolutionNode = FALSE
	EndGlobalSection
	GlobalSection(ExtensibilityGlobals) = postSolution
		SolutionGuid = {26EF8AF9-80AA-4BC6-AB09-D7ACE0B0AD82}
	EndGlobalSection
EndGlobal
